
Microsoft Visual Studio Solution File, Format Version 12.00
# Visual Studio Version 17
VisualStudioVersion = 17.9.34714.143
MinimumVisualStudioVersion = 10.0.40219.1
Project("{2150E333-8FDC-42A3-9474-1A3956D46DE8}") = "src", "src", "{8A7DF2A8-7995-4139-B180-D14AA92C89C3}"
EndProject
Project("{2150E333-8FDC-42A3-9474-1A3956D46DE8}") = "Building Blocks", "Building Blocks", "{14E01012-87C3-42E9-972F-4AEF9AA7EE5B}"
EndProject
Project("{2150E333-8FDC-42A3-9474-1A3956D46DE8}") = "Services", "Services", "{A8F9A7A2-90EA-4FB5-B9EB-4D7FCDB37FB0}"
EndProject
Project("{2150E333-8FDC-42A3-9474-1A3956D46DE8}") = "Web", "Web", "{5D96515A-3FE4-45EC-8392-E0EA6E7ABD3E}"
EndProject
Project("{2150E333-8FDC-42A3-9474-1A3956D46DE8}") = "Identity", "Identity", "{C47D15D4-C5E1-4C1F-B838-DBAB7425AE22}"
EndProject
Project("{9A19103F-16F7-4668-BE54-9A1E7A4F7556}") = "DMS.Identity.API", "src\services\DMS.Identity.API\DMS.Identity.API.csproj", "{096D0AE7-4FD1-4E80-8353-62A7111CDE1B}"
EndProject
Project("{2150E333-8FDC-42A3-9474-1A3956D46DE8}") = "MVC", "MVC", "{D49A6B08-FDE4-4BA5-802D-BC3F5D09E3DA}"
EndProject
Project("{9A19103F-16F7-4668-BE54-9A1E7A4F7556}") = "DMS.WebApp.MVC", "src\web\DMS.WebApp.MVC\DMS.WebApp.MVC.csproj", "{A62A3BF5-D408-481A-84D1-8E25D052CAAC}"
EndProject
Project("{2150E333-8FDC-42A3-9474-1A3956D46DE8}") = "Core", "Core", "{AA4F56FC-D4B2-42B5-B3EF-7258A09CDA0B}"
EndProject
Project("{9A19103F-16F7-4668-BE54-9A1E7A4F7556}") = "DMS.Core", "src\building blocks\DMS.Core\DMS.Core.csproj", "{542BF0A6-7895-4ABA-BAD1-D451AE8B0078}"
EndProject
Project("{2150E333-8FDC-42A3-9474-1A3956D46DE8}") = "Client User", "Client User", "{4F7F6AEA-E579-41E0-AE29-90A41C1BB30D}"
EndProject
Project("{9A19103F-16F7-4668-BE54-9A1E7A4F7556}") = "DMS.ClientUser.API", "src\services\DMS.ClientUser.API\DMS.ClientUser.API.csproj", "{BD9D2A8D-8E3A-4435-8FBD-254B8AE3BD8A}"
EndProject
Project("{2150E333-8FDC-42A3-9474-1A3956D46DE8}") = "Catalog", "Catalog", "{87E08A03-9D5A-45FC-96F5-3A6B41399A85}"
EndProject
Project("{9A19103F-16F7-4668-BE54-9A1E7A4F7556}") = "DMS.Catalog.API", "src\services\DMS.Catalog.API\DMS.Catalog.API.csproj", "{0A2D8578-55F3-4E74-A32A-CC27E0795062}"
EndProject
Project("{2150E333-8FDC-42A3-9474-1A3956D46DE8}") = "Payment", "Payment", "{CB220EF2-4F88-46FA-ACB9-6BA069D4A099}"
EndProject
Project("{2150E333-8FDC-42A3-9474-1A3956D46DE8}") = "Purchase Order", "Purchase Order", "{DE2E951E-AEBC-418E-894E-2B8BAC752E3D}"
EndProject
Project("{9A19103F-16F7-4668-BE54-9A1E7A4F7556}") = "DMS.PurchaseOrder.API", "src\services\DMS.PurchaseOrder.API\DMS.PurchaseOrder.API.csproj", "{8A07497F-F242-404C-BF72-02DC87854360}"
EndProject
Project("{FAE04EC0-301F-11D3-BF4B-00C04F79EFBC}") = "DMS.Payment.API", "src\services\DMS.Payment.API\DMS.Payment.API.csproj", "{69A77334-DAE2-4717-9DF2-F1F63C00CB54}"
EndProject
Project("{2150E333-8FDC-42A3-9474-1A3956D46DE8}") = "Shopping Cart", "Shopping Cart", "{33D14E03-95F4-469D-9183-ABC0C48FEDED}"
EndProject
Project("{FAE04EC0-301F-11D3-BF4B-00C04F79EFBC}") = "DMS.ShoppingCart.API", "src\services\DMS.ShoppingCart.API\DMS.ShoppingCart.API.csproj", "{D1C889DA-C724-4D3B-BAA5-FCACD5BBDA50}"
EndProject
Global
	GlobalSection(SolutionConfigurationPlatforms) = preSolution
		Debug|Any CPU = Debug|Any CPU
		Release|Any CPU = Release|Any CPU
	EndGlobalSection
	GlobalSection(ProjectConfigurationPlatforms) = postSolution
		{096D0AE7-4FD1-4E80-8353-62A7111CDE1B}.Debug|Any CPU.ActiveCfg = Debug|Any CPU
		{096D0AE7-4FD1-4E80-8353-62A7111CDE1B}.Debug|Any CPU.Build.0 = Debug|Any CPU
		{096D0AE7-4FD1-4E80-8353-62A7111CDE1B}.Release|Any CPU.ActiveCfg = Release|Any CPU
		{096D0AE7-4FD1-4E80-8353-62A7111CDE1B}.Release|Any CPU.Build.0 = Release|Any CPU
		{A62A3BF5-D408-481A-84D1-8E25D052CAAC}.Debug|Any CPU.ActiveCfg = Debug|Any CPU
		{A62A3BF5-D408-481A-84D1-8E25D052CAAC}.Debug|Any CPU.Build.0 = Debug|Any CPU
		{A62A3BF5-D408-481A-84D1-8E25D052CAAC}.Release|Any CPU.ActiveCfg = Release|Any CPU
		{A62A3BF5-D408-481A-84D1-8E25D052CAAC}.Release|Any CPU.Build.0 = Release|Any CPU
		{542BF0A6-7895-4ABA-BAD1-D451AE8B0078}.Debug|Any CPU.ActiveCfg = Debug|Any CPU
		{542BF0A6-7895-4ABA-BAD1-D451AE8B0078}.Debug|Any CPU.Build.0 = Debug|Any CPU
		{542BF0A6-7895-4ABA-BAD1-D451AE8B0078}.Release|Any CPU.ActiveCfg = Release|Any CPU
		{542BF0A6-7895-4ABA-BAD1-D451AE8B0078}.Release|Any CPU.Build.0 = Release|Any CPU
		{BD9D2A8D-8E3A-4435-8FBD-254B8AE3BD8A}.Debug|Any CPU.ActiveCfg = Debug|Any CPU
		{BD9D2A8D-8E3A-4435-8FBD-254B8AE3BD8A}.Debug|Any CPU.Build.0 = Debug|Any CPU
		{BD9D2A8D-8E3A-4435-8FBD-254B8AE3BD8A}.Release|Any CPU.ActiveCfg = Release|Any CPU
		{BD9D2A8D-8E3A-4435-8FBD-254B8AE3BD8A}.Release|Any CPU.Build.0 = Release|Any CPU
		{0A2D8578-55F3-4E74-A32A-CC27E0795062}.Debug|Any CPU.ActiveCfg = Debug|Any CPU
		{0A2D8578-55F3-4E74-A32A-CC27E0795062}.Debug|Any CPU.Build.0 = Debug|Any CPU
		{0A2D8578-55F3-4E74-A32A-CC27E0795062}.Release|Any CPU.ActiveCfg = Release|Any CPU
		{0A2D8578-55F3-4E74-A32A-CC27E0795062}.Release|Any CPU.Build.0 = Release|Any CPU
		{8A07497F-F242-404C-BF72-02DC87854360}.Debug|Any CPU.ActiveCfg = Debug|Any CPU
		{8A07497F-F242-404C-BF72-02DC87854360}.Debug|Any CPU.Build.0 = Debug|Any CPU
		{8A07497F-F242-404C-BF72-02DC87854360}.Release|Any CPU.ActiveCfg = Release|Any CPU
		{8A07497F-F242-404C-BF72-02DC87854360}.Release|Any CPU.Build.0 = Release|Any CPU
		{69A77334-DAE2-4717-9DF2-F1F63C00CB54}.Debug|Any CPU.ActiveCfg = Debug|Any CPU
		{69A77334-DAE2-4717-9DF2-F1F63C00CB54}.Debug|Any CPU.Build.0 = Debug|Any CPU
		{69A77334-DAE2-4717-9DF2-F1F63C00CB54}.Release|Any CPU.ActiveCfg = Release|Any CPU
		{69A77334-DAE2-4717-9DF2-F1F63C00CB54}.Release|Any CPU.Build.0 = Release|Any CPU
		{D1C889DA-C724-4D3B-BAA5-FCACD5BBDA50}.Debug|Any CPU.ActiveCfg = Debug|Any CPU
		{D1C889DA-C724-4D3B-BAA5-FCACD5BBDA50}.Debug|Any CPU.Build.0 = Debug|Any CPU
		{D1C889DA-C724-4D3B-BAA5-FCACD5BBDA50}.Release|Any CPU.ActiveCfg = Release|Any CPU
		{D1C889DA-C724-4D3B-BAA5-FCACD5BBDA50}.Release|Any CPU.Build.0 = Release|Any CPU
	EndGlobalSection
	GlobalSection(SolutionProperties) = preSolution
		HideSolutionNode = FALSE
	EndGlobalSection
	GlobalSection(NestedProjects) = preSolution
		{14E01012-87C3-42E9-972F-4AEF9AA7EE5B} = {8A7DF2A8-7995-4139-B180-D14AA92C89C3}
		{A8F9A7A2-90EA-4FB5-B9EB-4D7FCDB37FB0} = {8A7DF2A8-7995-4139-B180-D14AA92C89C3}
		{5D96515A-3FE4-45EC-8392-E0EA6E7ABD3E} = {8A7DF2A8-7995-4139-B180-D14AA92C89C3}
		{C47D15D4-C5E1-4C1F-B838-DBAB7425AE22} = {A8F9A7A2-90EA-4FB5-B9EB-4D7FCDB37FB0}
		{096D0AE7-4FD1-4E80-8353-62A7111CDE1B} = {C47D15D4-C5E1-4C1F-B838-DBAB7425AE22}
		{D49A6B08-FDE4-4BA5-802D-BC3F5D09E3DA} = {5D96515A-3FE4-45EC-8392-E0EA6E7ABD3E}
		{A62A3BF5-D408-481A-84D1-8E25D052CAAC} = {D49A6B08-FDE4-4BA5-802D-BC3F5D09E3DA}
		{AA4F56FC-D4B2-42B5-B3EF-7258A09CDA0B} = {14E01012-87C3-42E9-972F-4AEF9AA7EE5B}
		{542BF0A6-7895-4ABA-BAD1-D451AE8B0078} = {AA4F56FC-D4B2-42B5-B3EF-7258A09CDA0B}
		{4F7F6AEA-E579-41E0-AE29-90A41C1BB30D} = {A8F9A7A2-90EA-4FB5-B9EB-4D7FCDB37FB0}
		{BD9D2A8D-8E3A-4435-8FBD-254B8AE3BD8A} = {4F7F6AEA-E579-41E0-AE29-90A41C1BB30D}
		{87E08A03-9D5A-45FC-96F5-3A6B41399A85} = {A8F9A7A2-90EA-4FB5-B9EB-4D7FCDB37FB0}
		{0A2D8578-55F3-4E74-A32A-CC27E0795062} = {87E08A03-9D5A-45FC-96F5-3A6B41399A85}
		{CB220EF2-4F88-46FA-ACB9-6BA069D4A099} = {A8F9A7A2-90EA-4FB5-B9EB-4D7FCDB37FB0}
		{DE2E951E-AEBC-418E-894E-2B8BAC752E3D} = {A8F9A7A2-90EA-4FB5-B9EB-4D7FCDB37FB0}
		{8A07497F-F242-404C-BF72-02DC87854360} = {DE2E951E-AEBC-418E-894E-2B8BAC752E3D}
		{69A77334-DAE2-4717-9DF2-F1F63C00CB54} = {CB220EF2-4F88-46FA-ACB9-6BA069D4A099}
		{33D14E03-95F4-469D-9183-ABC0C48FEDED} = {A8F9A7A2-90EA-4FB5-B9EB-4D7FCDB37FB0}
		{D1C889DA-C724-4D3B-BAA5-FCACD5BBDA50} = {33D14E03-95F4-469D-9183-ABC0C48FEDED}
	EndGlobalSection
	GlobalSection(ExtensibilityGlobals) = postSolution
		SolutionGuid = {F1DCBDB9-FC47-4CD9-9251-BFC5EBA4809F}
	EndGlobalSection
EndGlobal
